// !$*UTF8*$!
{
	archiveVersion = 1;
	classes = {
	};
	objectVersion = 46;
	objects = {

/* Begin PBXBuildFile section */
		349D282C19A5C3B100C48410 /* SLVTwitterShare.m in Sources */ = {isa = PBXBuildFile; fileRef = 349D282B19A5C3B100C48410 /* SLVTwitterShare.m */; };
		4D320B2919A388500063F4BE /* AddressBook.framework in Frameworks */ = {isa = PBXBuildFile; fileRef = 4D320B2819A388500063F4BE /* AddressBook.framework */; };
		4D320B2B19A388660063F4BE /* MediaPlayer.framework in Frameworks */ = {isa = PBXBuildFile; fileRef = 4D320B2A19A388660063F4BE /* MediaPlayer.framework */; };
		4D320B2D19A388770063F4BE /* CoreLocation.framework in Frameworks */ = {isa = PBXBuildFile; fileRef = 4D320B2C19A388770063F4BE /* CoreLocation.framework */; };
		4D320B2F19A3887F0063F4BE /* AssetsLibrary.framework in Frameworks */ = {isa = PBXBuildFile; fileRef = 4D320B2E19A3887F0063F4BE /* AssetsLibrary.framework */; };
		4D320B3119A388C60063F4BE /* CoreText.framework in Frameworks */ = {isa = PBXBuildFile; fileRef = 4D320B3019A388C60063F4BE /* CoreText.framework */; };
		4D320B3319A388D60063F4BE /* Security.framework in Frameworks */ = {isa = PBXBuildFile; fileRef = 4D320B3219A388D60063F4BE /* Security.framework */; };
		4D320B3519A389570063F4BE /* SystemConfiguration.framework in Frameworks */ = {isa = PBXBuildFile; fileRef = 4D320B3419A389570063F4BE /* SystemConfiguration.framework */; };
		4D320B3719A389840063F4BE /* CoreMotion.framework in Frameworks */ = {isa = PBXBuildFile; fileRef = 4D320B3619A389840063F4BE /* CoreMotion.framework */; };
		4D320B3A19A38B0F0063F4BE /* SLVGoogleShare.m in Sources */ = {isa = PBXBuildFile; fileRef = 4D320B3919A38B0F0063F4BE /* SLVGoogleShare.m */; };
		4DD6FC2C19A362E700EA66B8 /* Foundation.framework in Frameworks */ = {isa = PBXBuildFile; fileRef = 4DD6FC2B19A362E700EA66B8 /* Foundation.framework */; };
		4DD6FC2E19A362E700EA66B8 /* CoreGraphics.framework in Frameworks */ = {isa = PBXBuildFile; fileRef = 4DD6FC2D19A362E700EA66B8 /* CoreGraphics.framework */; };
		4DD6FC3019A362E700EA66B8 /* UIKit.framework in Frameworks */ = {isa = PBXBuildFile; fileRef = 4DD6FC2F19A362E700EA66B8 /* UIKit.framework */; };
		4DD6FC3619A362E700EA66B8 /* InfoPlist.strings in Resources */ = {isa = PBXBuildFile; fileRef = 4DD6FC3419A362E700EA66B8 /* InfoPlist.strings */; };
		4DD6FC3819A362E700EA66B8 /* main.m in Sources */ = {isa = PBXBuildFile; fileRef = 4DD6FC3719A362E700EA66B8 /* main.m */; };
		4DD6FC3C19A362E700EA66B8 /* SLVAppDelegate.m in Sources */ = {isa = PBXBuildFile; fileRef = 4DD6FC3B19A362E700EA66B8 /* SLVAppDelegate.m */; };
		4DD6FC3F19A362E700EA66B8 /* Main_iPhone.storyboard in Resources */ = {isa = PBXBuildFile; fileRef = 4DD6FC3D19A362E700EA66B8 /* Main_iPhone.storyboard */; };
		4DD6FC4219A362E700EA66B8 /* Main_iPad.storyboard in Resources */ = {isa = PBXBuildFile; fileRef = 4DD6FC4019A362E700EA66B8 /* Main_iPad.storyboard */; };
		4DD6FC4519A362E700EA66B8 /* SLVViewController.m in Sources */ = {isa = PBXBuildFile; fileRef = 4DD6FC4419A362E700EA66B8 /* SLVViewController.m */; };
		4DD6FC4719A362E700EA66B8 /* Images.xcassets in Resources */ = {isa = PBXBuildFile; fileRef = 4DD6FC4619A362E700EA66B8 /* Images.xcassets */; };
		4DD6FC4F19A362E700EA66B8 /* Foundation.framework in Frameworks */ = {isa = PBXBuildFile; fileRef = 4DD6FC2B19A362E700EA66B8 /* Foundation.framework */; };
		4DD6FC5019A362E700EA66B8 /* UIKit.framework in Frameworks */ = {isa = PBXBuildFile; fileRef = 4DD6FC2F19A362E700EA66B8 /* UIKit.framework */; };
		4DD6FC5819A362E700EA66B8 /* InfoPlist.strings in Resources */ = {isa = PBXBuildFile; fileRef = 4DD6FC5619A362E700EA66B8 /* InfoPlist.strings */; };
		4DD6FC5A19A362E700EA66B8 /* SocialSharingTests.m in Sources */ = {isa = PBXBuildFile; fileRef = 4DD6FC5919A362E700EA66B8 /* SocialSharingTests.m */; };
		4DD6FC6719A364DD00EA66B8 /* AAShareBubbles.bundle in Resources */ = {isa = PBXBuildFile; fileRef = 4DD6FC6419A364DD00EA66B8 /* AAShareBubbles.bundle */; };
		4DD6FC6819A364DD00EA66B8 /* AAShareBubbles.m in Sources */ = {isa = PBXBuildFile; fileRef = 4DD6FC6619A364DD00EA66B8 /* AAShareBubbles.m */; };
		4DD6FC6C19A365EC00EA66B8 /* SLVBubblesController.m in Sources */ = {isa = PBXBuildFile; fileRef = 4DD6FC6B19A365EC00EA66B8 /* SLVBubblesController.m */; };
		6F51192C19A50728008E94C9 /* SLVFaceBookShare.m in Sources */ = {isa = PBXBuildFile; fileRef = 6F51192A19A50728008E94C9 /* SLVFaceBookShare.m */; };
		6F6E496819A4E85F00D89D35 /* Social.framework in Frameworks */ = {isa = PBXBuildFile; fileRef = 6F6E496719A4E85F00D89D35 /* Social.framework */; };
		6FCB3F3319A4E24F004EBAF1 /* GoogleOpenSource.framework in Frameworks */ = {isa = PBXBuildFile; fileRef = 6FCB3F3019A4E24F004EBAF1 /* GoogleOpenSource.framework */; };
		6FCB3F3419A4E24F004EBAF1 /* GooglePlus.bundle in Resources */ = {isa = PBXBuildFile; fileRef = 6FCB3F3119A4E24F004EBAF1 /* GooglePlus.bundle */; };
		6FCB3F3519A4E24F004EBAF1 /* GooglePlus.framework in Frameworks */ = {isa = PBXBuildFile; fileRef = 6FCB3F3219A4E24F004EBAF1 /* GooglePlus.framework */; };
/* End PBXBuildFile section */

/* Begin PBXContainerItemProxy section */
		4DD6FC5119A362E700EA66B8 /* PBXContainerItemProxy */ = {
			isa = PBXContainerItemProxy;
			containerPortal = 4DD6FC2019A362E700EA66B8 /* Project object */;
			proxyType = 1;
			remoteGlobalIDString = 4DD6FC2719A362E700EA66B8;
			remoteInfo = SocialSharing;
		};
/* End PBXContainerItemProxy section */

/* Begin PBXFileReference section */
		349D282A19A5C3B100C48410 /* SLVTwitterShare.h */ = {isa = PBXFileReference; fileEncoding = 4; lastKnownFileType = sourcecode.c.h; path = SLVTwitterShare.h; sourceTree = "<group>"; };
		349D282B19A5C3B100C48410 /* SLVTwitterShare.m */ = {isa = PBXFileReference; fileEncoding = 4; lastKnownFileType = sourcecode.c.objc; path = SLVTwitterShare.m; sourceTree = "<group>"; };
		4D320B2819A388500063F4BE /* AddressBook.framework */ = {isa = PBXFileReference; lastKnownFileType = wrapper.framework; name = AddressBook.framework; path = System/Library/Frameworks/AddressBook.framework; sourceTree = SDKROOT; };
		4D320B2A19A388660063F4BE /* MediaPlayer.framework */ = {isa = PBXFileReference; lastKnownFileType = wrapper.framework; name = MediaPlayer.framework; path = System/Library/Frameworks/MediaPlayer.framework; sourceTree = SDKROOT; };
		4D320B2C19A388770063F4BE /* CoreLocation.framework */ = {isa = PBXFileReference; lastKnownFileType = wrapper.framework; name = CoreLocation.framework; path = System/Library/Frameworks/CoreLocation.framework; sourceTree = SDKROOT; };
		4D320B2E19A3887F0063F4BE /* AssetsLibrary.framework */ = {isa = PBXFileReference; lastKnownFileType = wrapper.framework; name = AssetsLibrary.framework; path = System/Library/Frameworks/AssetsLibrary.framework; sourceTree = SDKROOT; };
		4D320B3019A388C60063F4BE /* CoreText.framework */ = {isa = PBXFileReference; lastKnownFileType = wrapper.framework; name = CoreText.framework; path = System/Library/Frameworks/CoreText.framework; sourceTree = SDKROOT; };
		4D320B3219A388D60063F4BE /* Security.framework */ = {isa = PBXFileReference; lastKnownFileType = wrapper.framework; name = Security.framework; path = System/Library/Frameworks/Security.framework; sourceTree = SDKROOT; };
		4D320B3419A389570063F4BE /* SystemConfiguration.framework */ = {isa = PBXFileReference; lastKnownFileType = wrapper.framework; name = SystemConfiguration.framework; path = System/Library/Frameworks/SystemConfiguration.framework; sourceTree = SDKROOT; };
		4D320B3619A389840063F4BE /* CoreMotion.framework */ = {isa = PBXFileReference; lastKnownFileType = wrapper.framework; name = CoreMotion.framework; path = System/Library/Frameworks/CoreMotion.framework; sourceTree = SDKROOT; };
		4D320B3819A38B0F0063F4BE /* SLVGoogleShare.h */ = {isa = PBXFileReference; fileEncoding = 4; lastKnownFileType = sourcecode.c.h; path = SLVGoogleShare.h; sourceTree = "<group>"; };
		4D320B3919A38B0F0063F4BE /* SLVGoogleShare.m */ = {isa = PBXFileReference; fileEncoding = 4; lastKnownFileType = sourcecode.c.objc; path = SLVGoogleShare.m; sourceTree = "<group>"; };
		4DD6FC2819A362E700EA66B8 /* SocialSharing.app */ = {isa = PBXFileReference; explicitFileType = wrapper.application; includeInIndex = 0; path = SocialSharing.app; sourceTree = BUILT_PRODUCTS_DIR; };
		4DD6FC2B19A362E700EA66B8 /* Foundation.framework */ = {isa = PBXFileReference; lastKnownFileType = wrapper.framework; name = Foundation.framework; path = System/Library/Frameworks/Foundation.framework; sourceTree = SDKROOT; };
		4DD6FC2D19A362E700EA66B8 /* CoreGraphics.framework */ = {isa = PBXFileReference; lastKnownFileType = wrapper.framework; name = CoreGraphics.framework; path = System/Library/Frameworks/CoreGraphics.framework; sourceTree = SDKROOT; };
		4DD6FC2F19A362E700EA66B8 /* UIKit.framework */ = {isa = PBXFileReference; lastKnownFileType = wrapper.framework; name = UIKit.framework; path = System/Library/Frameworks/UIKit.framework; sourceTree = SDKROOT; };
		4DD6FC3319A362E700EA66B8 /* SocialSharing-Info.plist */ = {isa = PBXFileReference; lastKnownFileType = text.plist.xml; path = "SocialSharing-Info.plist"; sourceTree = "<group>"; };
		4DD6FC3519A362E700EA66B8 /* en */ = {isa = PBXFileReference; lastKnownFileType = text.plist.strings; name = en; path = en.lproj/InfoPlist.strings; sourceTree = "<group>"; };
		4DD6FC3719A362E700EA66B8 /* main.m */ = {isa = PBXFileReference; lastKnownFileType = sourcecode.c.objc; path = main.m; sourceTree = "<group>"; };
		4DD6FC3919A362E700EA66B8 /* SocialSharing-Prefix.pch */ = {isa = PBXFileReference; lastKnownFileType = sourcecode.c.h; path = "SocialSharing-Prefix.pch"; sourceTree = "<group>"; };
		4DD6FC3A19A362E700EA66B8 /* SLVAppDelegate.h */ = {isa = PBXFileReference; lastKnownFileType = sourcecode.c.h; path = SLVAppDelegate.h; sourceTree = "<group>"; };
		4DD6FC3B19A362E700EA66B8 /* SLVAppDelegate.m */ = {isa = PBXFileReference; lastKnownFileType = sourcecode.c.objc; path = SLVAppDelegate.m; sourceTree = "<group>"; };
		4DD6FC3E19A362E700EA66B8 /* Base */ = {isa = PBXFileReference; lastKnownFileType = file.storyboard; name = Base; path = Base.lproj/Main_iPhone.storyboard; sourceTree = "<group>"; };
		4DD6FC4119A362E700EA66B8 /* Base */ = {isa = PBXFileReference; lastKnownFileType = file.storyboard; name = Base; path = Base.lproj/Main_iPad.storyboard; sourceTree = "<group>"; };
		4DD6FC4319A362E700EA66B8 /* SLVViewController.h */ = {isa = PBXFileReference; lastKnownFileType = sourcecode.c.h; path = SLVViewController.h; sourceTree = "<group>"; };
		4DD6FC4419A362E700EA66B8 /* SLVViewController.m */ = {isa = PBXFileReference; lastKnownFileType = sourcecode.c.objc; path = SLVViewController.m; sourceTree = "<group>"; };
		4DD6FC4619A362E700EA66B8 /* Images.xcassets */ = {isa = PBXFileReference; lastKnownFileType = folder.assetcatalog; path = Images.xcassets; sourceTree = "<group>"; };
		4DD6FC4C19A362E700EA66B8 /* SocialSharingTests.xctest */ = {isa = PBXFileReference; explicitFileType = wrapper.cfbundle; includeInIndex = 0; path = SocialSharingTests.xctest; sourceTree = BUILT_PRODUCTS_DIR; };
		4DD6FC5519A362E700EA66B8 /* SocialSharingTests-Info.plist */ = {isa = PBXFileReference; lastKnownFileType = text.plist.xml; path = "SocialSharingTests-Info.plist"; sourceTree = "<group>"; };
		4DD6FC5719A362E700EA66B8 /* en */ = {isa = PBXFileReference; lastKnownFileType = text.plist.strings; name = en; path = en.lproj/InfoPlist.strings; sourceTree = "<group>"; };
		4DD6FC5919A362E700EA66B8 /* SocialSharingTests.m */ = {isa = PBXFileReference; lastKnownFileType = sourcecode.c.objc; path = SocialSharingTests.m; sourceTree = "<group>"; };
		4DD6FC6419A364DD00EA66B8 /* AAShareBubbles.bundle */ = {isa = PBXFileReference; lastKnownFileType = "wrapper.plug-in"; path = AAShareBubbles.bundle; sourceTree = "<group>"; };
		4DD6FC6519A364DD00EA66B8 /* AAShareBubbles.h */ = {isa = PBXFileReference; fileEncoding = 4; lastKnownFileType = sourcecode.c.h; path = AAShareBubbles.h; sourceTree = "<group>"; };
		4DD6FC6619A364DD00EA66B8 /* AAShareBubbles.m */ = {isa = PBXFileReference; fileEncoding = 4; lastKnownFileType = sourcecode.c.objc; path = AAShareBubbles.m; sourceTree = "<group>"; };
		4DD6FC6A19A365EC00EA66B8 /* SLVBubblesController.h */ = {isa = PBXFileReference; fileEncoding = 4; lastKnownFileType = sourcecode.c.h; path = SLVBubblesController.h; sourceTree = "<group>"; };
		4DD6FC6B19A365EC00EA66B8 /* SLVBubblesController.m */ = {isa = PBXFileReference; fileEncoding = 4; lastKnownFileType = sourcecode.c.objc; path = SLVBubblesController.m; sourceTree = "<group>"; };
		6F51192A19A50728008E94C9 /* SLVFaceBookShare.m */ = {isa = PBXFileReference; fileEncoding = 4; lastKnownFileType = sourcecode.c.objc; path = SLVFaceBookShare.m; sourceTree = "<group>"; };
		6F51192B19A50728008E94C9 /* SLVFaceBookShare.h */ = {isa = PBXFileReference; fileEncoding = 4; lastKnownFileType = sourcecode.c.h; path = SLVFaceBookShare.h; sourceTree = "<group>"; };
		6F6E496719A4E85F00D89D35 /* Social.framework */ = {isa = PBXFileReference; lastKnownFileType = wrapper.framework; name = Social.framework; path = System/Library/Frameworks/Social.framework; sourceTree = SDKROOT; };
		6FCB3F3019A4E24F004EBAF1 /* GoogleOpenSource.framework */ = {isa = PBXFileReference; lastKnownFileType = wrapper.framework; name = GoogleOpenSource.framework; path = SocialSharing/Googleframeworks/GoogleOpenSource.framework; sourceTree = "<group>"; };
		6FCB3F3119A4E24F004EBAF1 /* GooglePlus.bundle */ = {isa = PBXFileReference; lastKnownFileType = "wrapper.plug-in"; name = GooglePlus.bundle; path = SocialSharing/Googleframeworks/GooglePlus.bundle; sourceTree = "<group>"; };
		6FCB3F3219A4E24F004EBAF1 /* GooglePlus.framework */ = {isa = PBXFileReference; lastKnownFileType = wrapper.framework; name = GooglePlus.framework; path = SocialSharing/Googleframeworks/GooglePlus.framework; sourceTree = "<group>"; };
/* End PBXFileReference section */

/* Begin PBXFrameworksBuildPhase section */
		4DD6FC2519A362E700EA66B8 /* Frameworks */ = {
			isa = PBXFrameworksBuildPhase;
			buildActionMask = 2147483647;
			files = (
				6F6E496819A4E85F00D89D35 /* Social.framework in Frameworks */,
				4D320B3719A389840063F4BE /* CoreMotion.framework in Frameworks */,
				4D320B3519A389570063F4BE /* SystemConfiguration.framework in Frameworks */,
				4D320B3119A388C60063F4BE /* CoreText.framework in Frameworks */,
				4D320B3319A388D60063F4BE /* Security.framework in Frameworks */,
				4D320B2F19A3887F0063F4BE /* AssetsLibrary.framework in Frameworks */,
				6FCB3F3519A4E24F004EBAF1 /* GooglePlus.framework in Frameworks */,
				4D320B2D19A388770063F4BE /* CoreLocation.framework in Frameworks */,
				4D320B2B19A388660063F4BE /* MediaPlayer.framework in Frameworks */,
				4D320B2919A388500063F4BE /* AddressBook.framework in Frameworks */,
				4DD6FC2E19A362E700EA66B8 /* CoreGraphics.framework in Frameworks */,
				4DD6FC3019A362E700EA66B8 /* UIKit.framework in Frameworks */,
				6FCB3F3319A4E24F004EBAF1 /* GoogleOpenSource.framework in Frameworks */,
				4DD6FC2C19A362E700EA66B8 /* Foundation.framework in Frameworks */,
			);
			runOnlyForDeploymentPostprocessing = 0;
		};
		4DD6FC4919A362E700EA66B8 /* Frameworks */ = {
			isa = PBXFrameworksBuildPhase;
			buildActionMask = 2147483647;
			files = (
				4DD6FC5019A362E700EA66B8 /* UIKit.framework in Frameworks */,
				4DD6FC4F19A362E700EA66B8 /* Foundation.framework in Frameworks */,
			);
			runOnlyForDeploymentPostprocessing = 0;
		};
/* End PBXFrameworksBuildPhase section */

/* Begin PBXGroup section */
		349D282D19A5C3C400C48410 /* Twitter */ = {
			isa = PBXGroup;
			children = (
				349D282A19A5C3B100C48410 /* SLVTwitterShare.h */,
				349D282B19A5C3B100C48410 /* SLVTwitterShare.m */,
			);
			name = Twitter;
			sourceTree = "<group>";
		};
		4D5B342819A36E8100DDBBFF /* Google+ */ = {
			isa = PBXGroup;
			children = (
				4D320B3819A38B0F0063F4BE /* SLVGoogleShare.h */,
				4D320B3919A38B0F0063F4BE /* SLVGoogleShare.m */,
			);
			name = "Google+";
			sourceTree = "<group>";
		};
		4DD6FC1F19A362E700EA66B8 = {
			isa = PBXGroup;
			children = (
				4DD6FC6319A364DD00EA66B8 /* AAShareBubbles */,
				4DD6FC3119A362E700EA66B8 /* SocialSharing */,
				4DD6FC5319A362E700EA66B8 /* SocialSharingTests */,
				4DD6FC2A19A362E700EA66B8 /* Frameworks */,
				4DD6FC2919A362E700EA66B8 /* Products */,
			);
			sourceTree = "<group>";
		};
		4DD6FC2919A362E700EA66B8 /* Products */ = {
			isa = PBXGroup;
			children = (
				4DD6FC2819A362E700EA66B8 /* SocialSharing.app */,
				4DD6FC4C19A362E700EA66B8 /* SocialSharingTests.xctest */,
			);
			name = Products;
			sourceTree = "<group>";
		};
		4DD6FC2A19A362E700EA66B8 /* Frameworks */ = {
			isa = PBXGroup;
			children = (
				6F6E496719A4E85F00D89D35 /* Social.framework */,
				6FCB3F3019A4E24F004EBAF1 /* GoogleOpenSource.framework */,
				6FCB3F3119A4E24F004EBAF1 /* GooglePlus.bundle */,
				6FCB3F3219A4E24F004EBAF1 /* GooglePlus.framework */,
				4D320B3619A389840063F4BE /* CoreMotion.framework */,
				4D320B3419A389570063F4BE /* SystemConfiguration.framework */,
				4D320B3219A388D60063F4BE /* Security.framework */,
				4D320B3019A388C60063F4BE /* CoreText.framework */,
				4D320B2E19A3887F0063F4BE /* AssetsLibrary.framework */,
				4D320B2C19A388770063F4BE /* CoreLocation.framework */,
				4D320B2A19A388660063F4BE /* MediaPlayer.framework */,
				4D320B2819A388500063F4BE /* AddressBook.framework */,
				4DD6FC2B19A362E700EA66B8 /* Foundation.framework */,
				4DD6FC2D19A362E700EA66B8 /* CoreGraphics.framework */,
				4DD6FC2F19A362E700EA66B8 /* UIKit.framework */,
			);
			name = Frameworks;
			sourceTree = "<group>";
		};
		4DD6FC3119A362E700EA66B8 /* SocialSharing */ = {
			isa = PBXGroup;
			children = (
				6F51192D19A5072C008E94C9 /* FaceBook */,
				4D5B342819A36E8100DDBBFF /* Google+ */,
				4DD6FC6919A365B500EA66B8 /* OurBubbles */,
				349D282D19A5C3C400C48410 /* Twitter */,
				4DD6FC3B19A362E700EA66B8 /* SLVAppDelegate.m */,
				4DD6FC3A19A362E700EA66B8 /* SLVAppDelegate.h */,
				4DD6FC3D19A362E700EA66B8 /* Main_iPhone.storyboard */,
				4DD6FC4019A362E700EA66B8 /* Main_iPad.storyboard */,
				4DD6FC4319A362E700EA66B8 /* SLVViewController.h */,
				4DD6FC4419A362E700EA66B8 /* SLVViewController.m */,
				4DD6FC4619A362E700EA66B8 /* Images.xcassets */,
				4DD6FC3219A362E700EA66B8 /* Supporting Files */,
			);
			path = SocialSharing;
			sourceTree = "<group>";
		};
		4DD6FC3219A362E700EA66B8 /* Supporting Files */ = {
			isa = PBXGroup;
			children = (
				4DD6FC3319A362E700EA66B8 /* SocialSharing-Info.plist */,
				4DD6FC3419A362E700EA66B8 /* InfoPlist.strings */,
				4DD6FC3719A362E700EA66B8 /* main.m */,
				4DD6FC3919A362E700EA66B8 /* SocialSharing-Prefix.pch */,
			);
			name = "Supporting Files";
			sourceTree = "<group>";
		};
		4DD6FC5319A362E700EA66B8 /* SocialSharingTests */ = {
			isa = PBXGroup;
			children = (
				4DD6FC5919A362E700EA66B8 /* SocialSharingTests.m */,
				4DD6FC5419A362E700EA66B8 /* Supporting Files */,
			);
			path = SocialSharingTests;
			sourceTree = "<group>";
		};
		4DD6FC5419A362E700EA66B8 /* Supporting Files */ = {
			isa = PBXGroup;
			children = (
				4DD6FC5519A362E700EA66B8 /* SocialSharingTests-Info.plist */,
				4DD6FC5619A362E700EA66B8 /* InfoPlist.strings */,
			);
			name = "Supporting Files";
			sourceTree = "<group>";
		};
		4DD6FC6319A364DD00EA66B8 /* AAShareBubbles */ = {
			isa = PBXGroup;
			children = (
				4DD6FC6419A364DD00EA66B8 /* AAShareBubbles.bundle */,
				4DD6FC6519A364DD00EA66B8 /* AAShareBubbles.h */,
				4DD6FC6619A364DD00EA66B8 /* AAShareBubbles.m */,
			);
			path = AAShareBubbles;
			sourceTree = "<group>";
		};
		4DD6FC6919A365B500EA66B8 /* OurBubbles */ = {
			isa = PBXGroup;
			children = (
				4DD6FC6A19A365EC00EA66B8 /* SLVBubblesController.h */,
				4DD6FC6B19A365EC00EA66B8 /* SLVBubblesController.m */,
			);
			name = OurBubbles;
			sourceTree = "<group>";
		};
		6F51192D19A5072C008E94C9 /* FaceBook */ = {
			isa = PBXGroup;
			children = (
				6F51192B19A50728008E94C9 /* SLVFaceBookShare.h */,
				6F51192A19A50728008E94C9 /* SLVFaceBookShare.m */,
			);
			name = FaceBook;
			sourceTree = "<group>";
		};
/* End PBXGroup section */

/* Begin PBXNativeTarget section */
		4DD6FC2719A362E700EA66B8 /* SocialSharing */ = {
			isa = PBXNativeTarget;
			buildConfigurationList = 4DD6FC5D19A362E700EA66B8 /* Build configuration list for PBXNativeTarget "SocialSharing" */;
			buildPhases = (
				4DD6FC2419A362E700EA66B8 /* Sources */,
				4DD6FC2519A362E700EA66B8 /* Frameworks */,
				4DD6FC2619A362E700EA66B8 /* Resources */,
			);
			buildRules = (
			);
			dependencies = (
			);
			name = SocialSharing;
			productName = SocialSharing;
			productReference = 4DD6FC2819A362E700EA66B8 /* SocialSharing.app */;
			productType = "com.apple.product-type.application";
		};
		4DD6FC4B19A362E700EA66B8 /* SocialSharingTests */ = {
			isa = PBXNativeTarget;
			buildConfigurationList = 4DD6FC6019A362E700EA66B8 /* Build configuration list for PBXNativeTarget "SocialSharingTests" */;
			buildPhases = (
				4DD6FC4819A362E700EA66B8 /* Sources */,
				4DD6FC4919A362E700EA66B8 /* Frameworks */,
				4DD6FC4A19A362E700EA66B8 /* Resources */,
			);
			buildRules = (
			);
			dependencies = (
				4DD6FC5219A362E700EA66B8 /* PBXTargetDependency */,
			);
			name = SocialSharingTests;
			productName = SocialSharingTests;
			productReference = 4DD6FC4C19A362E700EA66B8 /* SocialSharingTests.xctest */;
			productType = "com.apple.product-type.bundle.unit-test";
		};
/* End PBXNativeTarget section */

/* Begin PBXProject section */
		4DD6FC2019A362E700EA66B8 /* Project object */ = {
			isa = PBXProject;
			attributes = {
				CLASSPREFIX = SLV;
				LastUpgradeCheck = 0500;
				ORGANIZATIONNAME = Oleksiy;
				TargetAttributes = {
					4DD6FC4B19A362E700EA66B8 = {
						TestTargetID = 4DD6FC2719A362E700EA66B8;
					};
				};
			};
			buildConfigurationList = 4DD6FC2319A362E700EA66B8 /* Build configuration list for PBXProject "SocialSharing" */;
			compatibilityVersion = "Xcode 3.2";
			developmentRegion = English;
			hasScannedForEncodings = 0;
			knownRegions = (
				en,
				Base,
			);
			mainGroup = 4DD6FC1F19A362E700EA66B8;
			productRefGroup = 4DD6FC2919A362E700EA66B8 /* Products */;
			projectDirPath = "";
			projectRoot = "";
			targets = (
				4DD6FC2719A362E700EA66B8 /* SocialSharing */,
				4DD6FC4B19A362E700EA66B8 /* SocialSharingTests */,
			);
		};
/* End PBXProject section */

/* Begin PBXResourcesBuildPhase section */
		4DD6FC2619A362E700EA66B8 /* Resources */ = {
			isa = PBXResourcesBuildPhase;
			buildActionMask = 2147483647;
			files = (
				4DD6FC6719A364DD00EA66B8 /* AAShareBubbles.bundle in Resources */,
				4DD6FC4219A362E700EA66B8 /* Main_iPad.storyboard in Resources */,
				4DD6FC4719A362E700EA66B8 /* Images.xcassets in Resources */,
				4DD6FC3F19A362E700EA66B8 /* Main_iPhone.storyboard in Resources */,
				6FCB3F3419A4E24F004EBAF1 /* GooglePlus.bundle in Resources */,
				4DD6FC3619A362E700EA66B8 /* InfoPlist.strings in Resources */,
			);
			runOnlyForDeploymentPostprocessing = 0;
		};
		4DD6FC4A19A362E700EA66B8 /* Resources */ = {
			isa = PBXResourcesBuildPhase;
			buildActionMask = 2147483647;
			files = (
				4DD6FC5819A362E700EA66B8 /* InfoPlist.strings in Resources */,
			);
			runOnlyForDeploymentPostprocessing = 0;
		};
/* End PBXResourcesBuildPhase section */

/* Begin PBXSourcesBuildPhase section */
		4DD6FC2419A362E700EA66B8 /* Sources */ = {
			isa = PBXSourcesBuildPhase;
			buildActionMask = 2147483647;
			files = (
				6F51192C19A50728008E94C9 /* SLVFaceBookShare.m in Sources */,
				4DD6FC3C19A362E700EA66B8 /* SLVAppDelegate.m in Sources */,
				4DD6FC6C19A365EC00EA66B8 /* SLVBubblesController.m in Sources */,
				4DD6FC4519A362E700EA66B8 /* SLVViewController.m in Sources */,
				4D320B3A19A38B0F0063F4BE /* SLVGoogleShare.m in Sources */,
				4DD6FC3819A362E700EA66B8 /* main.m in Sources */,
				4DD6FC6819A364DD00EA66B8 /* AAShareBubbles.m in Sources */,
				349D282C19A5C3B100C48410 /* SLVTwitterShare.m in Sources */,
			);
			runOnlyForDeploymentPostprocessing = 0;
		};
		4DD6FC4819A362E700EA66B8 /* Sources */ = {
			isa = PBXSourcesBuildPhase;
			buildActionMask = 2147483647;
			files = (
				4DD6FC5A19A362E700EA66B8 /* SocialSharingTests.m in Sources */,
			);
			runOnlyForDeploymentPostprocessing = 0;
		};
/* End PBXSourcesBuildPhase section */

/* Begin PBXTargetDependency section */
		4DD6FC5219A362E700EA66B8 /* PBXTargetDependency */ = {
			isa = PBXTargetDependency;
			target = 4DD6FC2719A362E700EA66B8 /* SocialSharing */;
			targetProxy = 4DD6FC5119A362E700EA66B8 /* PBXContainerItemProxy */;
		};
/* End PBXTargetDependency section */

/* Begin PBXVariantGroup section */
		4DD6FC3419A362E700EA66B8 /* InfoPlist.strings */ = {
			isa = PBXVariantGroup;
			children = (
				4DD6FC3519A362E700EA66B8 /* en */,
			);
			name = InfoPlist.strings;
			sourceTree = "<group>";
		};
		4DD6FC3D19A362E700EA66B8 /* Main_iPhone.storyboard */ = {
			isa = PBXVariantGroup;
			children = (
				4DD6FC3E19A362E700EA66B8 /* Base */,
			);
			name = Main_iPhone.storyboard;
			sourceTree = "<group>";
		};
		4DD6FC4019A362E700EA66B8 /* Main_iPad.storyboard */ = {
			isa = PBXVariantGroup;
			children = (
				4DD6FC4119A362E700EA66B8 /* Base */,
			);
			name = Main_iPad.storyboard;
			sourceTree = "<group>";
		};
		4DD6FC5619A362E700EA66B8 /* InfoPlist.strings */ = {
			isa = PBXVariantGroup;
			children = (
				4DD6FC5719A362E700EA66B8 /* en */,
			);
			name = InfoPlist.strings;
			sourceTree = "<group>";
		};
/* End PBXVariantGroup section */

/* Begin XCBuildConfiguration section */
		4DD6FC5B19A362E700EA66B8 /* Debug */ = {
			isa = XCBuildConfiguration;
			buildSettings = {
				ALWAYS_SEARCH_USER_PATHS = NO;
				ARCHS = "$(ARCHS_STANDARD_INCLUDING_64_BIT)";
				CLANG_CXX_LANGUAGE_STANDARD = "gnu++0x";
				CLANG_CXX_LIBRARY = "libc++";
				CLANG_ENABLE_MODULES = YES;
				CLANG_ENABLE_OBJC_ARC = YES;
				CLANG_WARN_BOOL_CONVERSION = YES;
				CLANG_WARN_CONSTANT_CONVERSION = YES;
				CLANG_WARN_DIRECT_OBJC_ISA_USAGE = YES_ERROR;
				CLANG_WARN_EMPTY_BODY = YES;
				CLANG_WARN_ENUM_CONVERSION = YES;
				CLANG_WARN_INT_CONVERSION = YES;
				CLANG_WARN_OBJC_ROOT_CLASS = YES_ERROR;
				CLANG_WARN__DUPLICATE_METHOD_MATCH = YES;
				"CODE_SIGN_IDENTITY[sdk=iphoneos*]" = "iPhone Developer";
				COPY_PHASE_STRIP = NO;
				GCC_C_LANGUAGE_STANDARD = gnu99;
				GCC_DYNAMIC_NO_PIC = NO;
				GCC_OPTIMIZATION_LEVEL = 0;
				GCC_PREPROCESSOR_DEFINITIONS = (
					"DEBUG=1",
					"$(inherited)",
				);
				GCC_SYMBOLS_PRIVATE_EXTERN = NO;
				GCC_WARN_64_TO_32_BIT_CONVERSION = YES;
				GCC_WARN_ABOUT_RETURN_TYPE = YES_ERROR;
				GCC_WARN_UNDECLARED_SELECTOR = YES;
				GCC_WARN_UNINITIALIZED_AUTOS = YES;
				GCC_WARN_UNUSED_FUNCTION = YES;
				GCC_WARN_UNUSED_VARIABLE = YES;
				IPHONEOS_DEPLOYMENT_TARGET = 7.0;
				ONLY_ACTIVE_ARCH = YES;
				SDKROOT = iphoneos;
				TARGETED_DEVICE_FAMILY = "1,2";
			};
			name = Debug;
		};
		4DD6FC5C19A362E700EA66B8 /* Release */ = {
			isa = XCBuildConfiguration;
			buildSettings = {
				ALWAYS_SEARCH_USER_PATHS = NO;
				ARCHS = "$(ARCHS_STANDARD_INCLUDING_64_BIT)";
				CLANG_CXX_LANGUAGE_STANDARD = "gnu++0x";
				CLANG_CXX_LIBRARY = "libc++";
				CLANG_ENABLE_MODULES = YES;
				CLANG_ENABLE_OBJC_ARC = YES;
				CLANG_WARN_BOOL_CONVERSION = YES;
				CLANG_WARN_CONSTANT_CONVERSION = YES;
				CLANG_WARN_DIRECT_OBJC_ISA_USAGE = YES_ERROR;
				CLANG_WARN_EMPTY_BODY = YES;
				CLANG_WARN_ENUM_CONVERSION = YES;
				CLANG_WARN_INT_CONVERSION = YES;
				CLANG_WARN_OBJC_ROOT_CLASS = YES_ERROR;
				CLANG_WARN__DUPLICATE_METHOD_MATCH = YES;
				"CODE_SIGN_IDENTITY[sdk=iphoneos*]" = "iPhone Developer";
				COPY_PHASE_STRIP = YES;
				ENABLE_NS_ASSERTIONS = NO;
				GCC_C_LANGUAGE_STANDARD = gnu99;
				GCC_WARN_64_TO_32_BIT_CONVERSION = YES;
				GCC_WARN_ABOUT_RETURN_TYPE = YES_ERROR;
				GCC_WARN_UNDECLARED_SELECTOR = YES;
				GCC_WARN_UNINITIALIZED_AUTOS = YES;
				GCC_WARN_UNUSED_FUNCTION = YES;
				GCC_WARN_UNUSED_VARIABLE = YES;
				IPHONEOS_DEPLOYMENT_TARGET = 7.0;
				SDKROOT = iphoneos;
				TARGETED_DEVICE_FAMILY = "1,2";
				VALIDATE_PRODUCT = YES;
			};
			name = Release;
		};
		4DD6FC5E19A362E700EA66B8 /* Debug */ = {
			isa = XCBuildConfiguration;
			buildSettings = {
				ASSETCATALOG_COMPILER_APPICON_NAME = AppIcon;
				ASSETCATALOG_COMPILER_LAUNCHIMAGE_NAME = LaunchImage;
				FRAMEWORK_SEARCH_PATHS = (
					"$(inherited)",
					/Users/oleksiy/Desktop/SocialSharing2,
					/Users/oleksiy/Desktop/SocialSharing2/SocialSharing/Googleframeworks,
					"$(PROJECT_DIR)/SocialSharing/Googleframeworks",
				);
				GCC_PRECOMPILE_PREFIX_HEADER = YES;
				GCC_PREFIX_HEADER = "SocialSharing/SocialSharing-Prefix.pch";
				INFOPLIST_FILE = "SocialSharing/SocialSharing-Info.plist";
				OTHER_LDFLAGS = "-ObjC";
				PRODUCT_NAME = "$(TARGET_NAME)";
				WRAPPER_EXTENSION = app;
			};
			name = Debug;
		};
		4DD6FC5F19A362E700EA66B8 /* Release */ = {
			isa = XCBuildConfiguration;
			buildSettings = {
				ASSETCATALOG_COMPILER_APPICON_NAME = AppIcon;
				ASSETCATALOG_COMPILER_LAUNCHIMAGE_NAME = LaunchImage;
				FRAMEWORK_SEARCH_PATHS = (
					"$(inherited)",
					/Users/oleksiy/Desktop/SocialSharing2,
					/Users/oleksiy/Desktop/SocialSharing2/SocialSharing/Googleframeworks,
					"$(PROJECT_DIR)/SocialSharing/Googleframeworks",
				);
				GCC_PRECOMPILE_PREFIX_HEADER = YES;
				GCC_PREFIX_HEADER = "SocialSharing/SocialSharing-Prefix.pch";
				INFOPLIST_FILE = "SocialSharing/SocialSharing-Info.plist";
				OTHER_LDFLAGS = "-ObjC";
				PRODUCT_NAME = "$(TARGET_NAME)";
				WRAPPER_EXTENSION = app;
			};
			name = Release;
		};
		4DD6FC6119A362E700EA66B8 /* Debug */ = {
			isa = XCBuildConfiguration;
			buildSettings = {
				ARCHS = "$(ARCHS_STANDARD_INCLUDING_64_BIT)";
				BUNDLE_LOADER = "$(BUILT_PRODUCTS_DIR)/SocialSharing.app/SocialSharing";
				FRAMEWORK_SEARCH_PATHS = (
					"$(SDKROOT)/Developer/Library/Frameworks",
					"$(inherited)",
					"$(DEVELOPER_FRAMEWORKS_DIR)",
				);
				GCC_PRECOMPILE_PREFIX_HEADER = YES;
				GCC_PREFIX_HEADER = "SocialSharing/SocialSharing-Prefix.pch";
				GCC_PREPROCESSOR_DEFINITIONS = (
					"DEBUG=1",
					"$(inherited)",
				);
				INFOPLIST_FILE = "SocialSharingTests/SocialSharingTests-Info.plist";
				PRODUCT_NAME = "$(TARGET_NAME)";
				TEST_HOST = "$(BUNDLE_LOADER)";
				WRAPPER_EXTENSION = xctest;
			};
			name = Debug;
		};
		4DD6FC6219A362E700EA66B8 /* Release */ = {
			isa = XCBuildConfiguration;
			buildSettings = {
				ARCHS = "$(ARCHS_STANDARD_INCLUDING_64_BIT)";
				BUNDLE_LOADER = "$(BUILT_PRODUCTS_DIR)/SocialSharing.app/SocialSharing";
				FRAMEWORK_SEARCH_PATHS = (
					"$(SDKROOT)/Developer/Library/Frameworks",
					"$(inherited)",
					"$(DEVELOPER_FRAMEWORKS_DIR)",
				);
				GCC_PRECOMPILE_PREFIX_HEADER = YES;
				GCC_PREFIX_HEADER = "SocialSharing/SocialSharing-Prefix.pch";
				INFOPLIST_FILE = "SocialSharingTests/SocialSharingTests-Info.plist";
				PRODUCT_NAME = "$(TARGET_NAME)";
				TEST_HOST = "$(BUNDLE_LOADER)";
				WRAPPER_EXTENSION = xctest;
			};
			name = Release;
		};
/* End XCBuildConfiguration section */

/* Begin XCConfigurationList section */
		4DD6FC2319A362E700EA66B8 /* Build configuration list for PBXProject "SocialSharing" */ = {
			isa = XCConfigurationList;
			buildConfigurations = (
				4DD6FC5B19A362E700EA66B8 /* Debug */,
				4DD6FC5C19A362E700EA66B8 /* Release */,
			);
			defaultConfigurationIsVisible = 0;
			defaultConfigurationName = Release;
		};
		4DD6FC5D19A362E700EA66B8 /* Build configuration list for PBXNativeTarget "SocialSharing" */ = {
			isa = XCConfigurationList;
			buildConfigurations = (
				4DD6FC5E19A362E700EA66B8 /* Debug */,
				4DD6FC5F19A362E700EA66B8 /* Release */,
			);
			defaultConfigurationIsVisible = 0;
			defaultConfigurationName = Release;
		};
		4DD6FC6019A362E700EA66B8 /* Build configuration list for PBXNativeTarget "SocialSharingTests" */ = {
			isa = XCConfigurationList;
			buildConfigurations = (
				4DD6FC6119A362E700EA66B8 /* Debug */,
				4DD6FC6219A362E700EA66B8 /* Release */,
			);
			defaultConfigurationIsVisible = 0;
			defaultConfigurationName = Release;
		};
/* End XCConfigurationList section */
	};
	rootObject = 4DD6FC2019A362E700EA66B8 /* Project object */;
}
